
Microsoft Visual Studio Solution File, Format Version 12.00
# Visual Studio 14
VisualStudioVersion = 14.0.25420.1
MinimumVisualStudioVersion = 10.0.40219.1
Project("{2150E333-8FDC-42A3-9474-1A3956D46DE8}") = "1 - Presentation", "1 - Presentation", "{D8FB6762-9DE5-4881-ACBE-03019560A370}"
EndProject
Project("{2150E333-8FDC-42A3-9474-1A3956D46DE8}") = "2 - Services", "2 - Services", "{9730E29F-B392-46D0-BAEE-C82DE3146643}"
EndProject
Project("{2150E333-8FDC-42A3-9474-1A3956D46DE8}") = "3 - Application", "3 - Application", "{894F8B15-A05D-464F-ABA9-9D228EE64F5F}"
EndProject
Project("{2150E333-8FDC-42A3-9474-1A3956D46DE8}") = "4 - Domain", "4 - Domain", "{3AC529DE-C564-4BBA-85EE-64CC5BD116FE}"
EndProject
Project("{2150E333-8FDC-42A3-9474-1A3956D46DE8}") = "5 - Infra", "5 - Infra", "{3951DEE0-4055-4874-9D5E-864BB9272887}"
EndProject
Project("{2150E333-8FDC-42A3-9474-1A3956D46DE8}") = "5.1 - Data", "5.1 - Data", "{8FEFEED9-30C5-4399-BDDF-E050C7456746}"
EndProject
Project("{2150E333-8FDC-42A3-9474-1A3956D46DE8}") = "5.2 - CrossCutting", "5.2 - CrossCutting", "{1E0A1B68-131B-47B0-8D92-7B8A5902DCEA}"
EndProject
Project("{FAE04EC0-301F-11D3-BF4B-00C04F79EFBC}") = "AllScene.Domain", "src\AllScene.Domain\AllScene.Domain.csproj", "{50546947-AB9A-407B-969E-9E796D72D561}"
EndProject
Project("{FAE04EC0-301F-11D3-BF4B-00C04F79EFBC}") = "AllScene.Domain.Tests", "tests\AllScene.Domain.Tests\AllScene.Domain.Tests.csproj", "{D74DB277-4B89-426D-8BFC-A997571CF126}"
EndProject
Project("{FAE04EC0-301F-11D3-BF4B-00C04F79EFBC}") = "AllScene.Infra.Data", "src\AllScene.Infra.Data\AllScene.Infra.Data.csproj", "{16DECCA2-9D59-4E9D-BC1F-D87678808916}"
EndProject
Project("{FAE04EC0-301F-11D3-BF4B-00C04F79EFBC}") = "AllScene.Services.REST.ClienteAPI", "src\AllScene.Services.REST.ClienteAPI\AllScene.Services.REST.ClienteAPI.csproj", "{25C897B2-A649-4058-B793-5E73544CCB7C}"
EndProject
Project("{FAE04EC0-301F-11D3-BF4B-00C04F79EFBC}") = "AllScene.Application", "src\AllScene.Application\AllScene.Application.csproj", "{3C85347F-BA7C-471B-98B4-F7BCB1F5724F}"
EndProject
Global
	GlobalSection(SolutionConfigurationPlatforms) = preSolution
		Debug|Any CPU = Debug|Any CPU
		Release|Any CPU = Release|Any CPU
	EndGlobalSection
	GlobalSection(ProjectConfigurationPlatforms) = postSolution
		{50546947-AB9A-407B-969E-9E796D72D561}.Debug|Any CPU.ActiveCfg = Debug|Any CPU
		{50546947-AB9A-407B-969E-9E796D72D561}.Debug|Any CPU.Build.0 = Debug|Any CPU
		{50546947-AB9A-407B-969E-9E796D72D561}.Release|Any CPU.ActiveCfg = Release|Any CPU
		{50546947-AB9A-407B-969E-9E796D72D561}.Release|Any CPU.Build.0 = Release|Any CPU
		{D74DB277-4B89-426D-8BFC-A997571CF126}.Debug|Any CPU.ActiveCfg = Debug|Any CPU
		{D74DB277-4B89-426D-8BFC-A997571CF126}.Debug|Any CPU.Build.0 = Debug|Any CPU
		{D74DB277-4B89-426D-8BFC-A997571CF126}.Release|Any CPU.ActiveCfg = Release|Any CPU
		{D74DB277-4B89-426D-8BFC-A997571CF126}.Release|Any CPU.Build.0 = Release|Any CPU
		{16DECCA2-9D59-4E9D-BC1F-D87678808916}.Debug|Any CPU.ActiveCfg = Debug|Any CPU
		{16DECCA2-9D59-4E9D-BC1F-D87678808916}.Debug|Any CPU.Build.0 = Debug|Any CPU
		{16DECCA2-9D59-4E9D-BC1F-D87678808916}.Release|Any CPU.ActiveCfg = Release|Any CPU
		{16DECCA2-9D59-4E9D-BC1F-D87678808916}.Release|Any CPU.Build.0 = Release|Any CPU
		{25C897B2-A649-4058-B793-5E73544CCB7C}.Debug|Any CPU.ActiveCfg = Debug|Any CPU
		{25C897B2-A649-4058-B793-5E73544CCB7C}.Debug|Any CPU.Build.0 = Debug|Any CPU
		{25C897B2-A649-4058-B793-5E73544CCB7C}.Release|Any CPU.ActiveCfg = Release|Any CPU
		{25C897B2-A649-4058-B793-5E73544CCB7C}.Release|Any CPU.Build.0 = Release|Any CPU
		{3C85347F-BA7C-471B-98B4-F7BCB1F5724F}.Debug|Any CPU.ActiveCfg = Debug|Any CPU
		{3C85347F-BA7C-471B-98B4-F7BCB1F5724F}.Debug|Any CPU.Build.0 = Debug|Any CPU
		{3C85347F-BA7C-471B-98B4-F7BCB1F5724F}.Release|Any CPU.ActiveCfg = Release|Any CPU
		{3C85347F-BA7C-471B-98B4-F7BCB1F5724F}.Release|Any CPU.Build.0 = Release|Any CPU
	EndGlobalSection
	GlobalSection(SolutionProperties) = preSolution
		HideSolutionNode = FALSE
	EndGlobalSection
	GlobalSection(NestedProjects) = preSolution
		{8FEFEED9-30C5-4399-BDDF-E050C7456746} = {3951DEE0-4055-4874-9D5E-864BB9272887}
		{1E0A1B68-131B-47B0-8D92-7B8A5902DCEA} = {3951DEE0-4055-4874-9D5E-864BB9272887}
		{50546947-AB9A-407B-969E-9E796D72D561} = {3AC529DE-C564-4BBA-85EE-64CC5BD116FE}
		{D74DB277-4B89-426D-8BFC-A997571CF126} = {3AC529DE-C564-4BBA-85EE-64CC5BD116FE}
		{16DECCA2-9D59-4E9D-BC1F-D87678808916} = {8FEFEED9-30C5-4399-BDDF-E050C7456746}
		{25C897B2-A649-4058-B793-5E73544CCB7C} = {9730E29F-B392-46D0-BAEE-C82DE3146643}
		{3C85347F-BA7C-471B-98B4-F7BCB1F5724F} = {894F8B15-A05D-464F-ABA9-9D228EE64F5F}
	EndGlobalSection
EndGlobal
